// !$*UTF8*$!
{
	archiveVersion = 1;
	classes = {
	};
	objectVersion = 48;
	objects = {

/* Begin PBXBuildFile section */
		7661CC2C217E88EA00D4CE67 /* BookViewModelTests.swift in Sources */ = {isa = PBXBuildFile; fileRef = 7661CC2B217E88EA00D4CE67 /* BookViewModelTests.swift */; };
		7661CC2D217E89EC00D4CE67 /* RxSwift.framework in Frameworks */ = {isa = PBXBuildFile; fileRef = E3DE3CA6217535E0007A0DCB /* RxSwift.framework */; };
		7661CC3321812EB100D4CE67 /* TourViewModel.swift in Sources */ = {isa = PBXBuildFile; fileRef = 7661CC3221812EB100D4CE67 /* TourViewModel.swift */; };
		7661CC352182A55E00D4CE67 /* PricesView.swift in Sources */ = {isa = PBXBuildFile; fileRef = 7661CC342182A55E00D4CE67 /* PricesView.swift */; };
		7661CC372182A57600D4CE67 /* PricesView.xib in Resources */ = {isa = PBXBuildFile; fileRef = 7661CC362182A57600D4CE67 /* PricesView.xib */; };
		7661CC3A2182A59100D4CE67 /* PricesViewModel.swift in Sources */ = {isa = PBXBuildFile; fileRef = 7661CC392182A59100D4CE67 /* PricesViewModel.swift */; };
		7661CC3E21850CE400D4CE67 /* PricesViewModelTests.swift in Sources */ = {isa = PBXBuildFile; fileRef = 7661CC3D21850CE400D4CE67 /* PricesViewModelTests.swift */; };
		7661CC402185171B00D4CE67 /* TourCellViewModelTests.swift in Sources */ = {isa = PBXBuildFile; fileRef = 7661CC3F2185171B00D4CE67 /* TourCellViewModelTests.swift */; };
		7661CC422185324200D4CE67 /* ToursPresenterTests.swift in Sources */ = {isa = PBXBuildFile; fileRef = 7661CC412185324200D4CE67 /* ToursPresenterTests.swift */; };
		7661CC442185453100D4CE67 /* UIButtonExtension.swift in Sources */ = {isa = PBXBuildFile; fileRef = 7661CC432185453100D4CE67 /* UIButtonExtension.swift */; };
		E350450A216D59AC00273E10 /* BookViewModel.swift in Sources */ = {isa = PBXBuildFile; fileRef = E3504509216D59AC00273E10 /* BookViewModel.swift */; };
		E35193B120AFCEDB006E1BD7 /* BookView.swift in Sources */ = {isa = PBXBuildFile; fileRef = E35193B020AFCEDB006E1BD7 /* BookView.swift */; };
		E35193B320AFCFC5006E1BD7 /* BookView.xib in Resources */ = {isa = PBXBuildFile; fileRef = E35193B220AFCFC5006E1BD7 /* BookView.xib */; };
		E35501D82027C622009B175D /* AppDelegate.swift in Sources */ = {isa = PBXBuildFile; fileRef = E35501D72027C622009B175D /* AppDelegate.swift */; };
		E35501DA2027C622009B175D /* ToursViewController.swift in Sources */ = {isa = PBXBuildFile; fileRef = E35501D92027C622009B175D /* ToursViewController.swift */; };
		E35501DD2027C622009B175D /* Main.storyboard in Resources */ = {isa = PBXBuildFile; fileRef = E35501DB2027C622009B175D /* Main.storyboard */; };
		E35501DF2027C622009B175D /* Assets.xcassets in Resources */ = {isa = PBXBuildFile; fileRef = E35501DE2027C622009B175D /* Assets.xcassets */; };
		E35501E22027C622009B175D /* LaunchScreen.storyboard in Resources */ = {isa = PBXBuildFile; fileRef = E35501E02027C622009B175D /* LaunchScreen.storyboard */; };
		E35501ED2027C622009B175D /* AregakToursTests.swift in Sources */ = {isa = PBXBuildFile; fileRef = E35501EC2027C622009B175D /* AregakToursTests.swift */; };
		E35501F82027C623009B175D /* AregakToursUITests.swift in Sources */ = {isa = PBXBuildFile; fileRef = E35501F72027C623009B175D /* AregakToursUITests.swift */; };
		E398FDB1204B217300CB95D3 /* Tour.swift in Sources */ = {isa = PBXBuildFile; fileRef = E398FDB0204B217200CB95D3 /* Tour.swift */; };
		E398FDB6204B219100CB95D3 /* NetworkRequest.swift in Sources */ = {isa = PBXBuildFile; fileRef = E398FDB2204B219100CB95D3 /* NetworkRequest.swift */; };
		E398FDB7204B219100CB95D3 /* NetworkService.swift in Sources */ = {isa = PBXBuildFile; fileRef = E398FDB3204B219100CB95D3 /* NetworkService.swift */; };
		E398FDB8204B219100CB95D3 /* NetworkAdaptors.swift in Sources */ = {isa = PBXBuildFile; fileRef = E398FDB4204B219100CB95D3 /* NetworkAdaptors.swift */; };
		E398FDB9204B219100CB95D3 /* ToursInteractor.swift in Sources */ = {isa = PBXBuildFile; fileRef = E398FDB5204B219100CB95D3 /* ToursInteractor.swift */; };
		E398FDBB204B2B0A00CB95D3 /* TourCell.swift in Sources */ = {isa = PBXBuildFile; fileRef = E398FDBA204B2B0A00CB95D3 /* TourCell.swift */; };
		E398FDBD204B2B1900CB95D3 /* TourCell.xib in Resources */ = {isa = PBXBuildFile; fileRef = E398FDBC204B2B1800CB95D3 /* TourCell.xib */; };
		E3B0B99020421DA500593790 /* ToursPresenter.swift in Sources */ = {isa = PBXBuildFile; fileRef = E3B0B98F20421DA500593790 /* ToursPresenter.swift */; };
		E3B0B992204229AC00593790 /* tours.json in Resources */ = {isa = PBXBuildFile; fileRef = E3B0B991204229AC00593790 /* tours.json */; };
		E3DE3CA221751C2D007A0DCB /* ArrayExtension.swift in Sources */ = {isa = PBXBuildFile; fileRef = E3DE3CA121751C2D007A0DCB /* ArrayExtension.swift */; };
		E3DE3CA421751DA8007A0DCB /* ToursViewModel.swift in Sources */ = {isa = PBXBuildFile; fileRef = E3DE3CA321751DA8007A0DCB /* ToursViewModel.swift */; };
		E3DE3CA8217535E0007A0DCB /* RxSwift.framework in Frameworks */ = {isa = PBXBuildFile; fileRef = E3DE3CA6217535E0007A0DCB /* RxSwift.framework */; };
		E3DE3CAA217538F6007A0DCB /* RxCocoa.framework in Frameworks */ = {isa = PBXBuildFile; fileRef = E3DE3CA7217535E0007A0DCB /* RxCocoa.framework */; };
		E3DE3CAB217538F6007A0DCB /* RxCocoa.framework in Embed Frameworks */ = {isa = PBXBuildFile; fileRef = E3DE3CA7217535E0007A0DCB /* RxCocoa.framework */; settings = {ATTRIBUTES = (CodeSignOnCopy, RemoveHeadersOnCopy, ); }; };
		E3DE3CAD217538F6007A0DCB /* RxSwift.framework in Embed Frameworks */ = {isa = PBXBuildFile; fileRef = E3DE3CA6217535E0007A0DCB /* RxSwift.framework */; settings = {ATTRIBUTES = (CodeSignOnCopy, RemoveHeadersOnCopy, ); }; };
		E3E1A968208857DE004F477C /* TourCellViewModel.swift in Sources */ = {isa = PBXBuildFile; fileRef = E3E1A967208857DE004F477C /* TourCellViewModel.swift */; };
		E3F67F352051E0D700A693E8 /* ViewFromNibExtension.swift in Sources */ = {isa = PBXBuildFile; fileRef = E3F67F342051E0D700A693E8 /* ViewFromNibExtension.swift */; };
/* End PBXBuildFile section */

/* Begin PBXContainerItemProxy section */
		E35501E92027C622009B175D /* PBXContainerItemProxy */ = {
			isa = PBXContainerItemProxy;
			containerPortal = E35501CC2027C622009B175D /* Project object */;
			proxyType = 1;
			remoteGlobalIDString = E35501D32027C622009B175D;
			remoteInfo = AregakTours;
		};
		E35501F42027C622009B175D /* PBXContainerItemProxy */ = {
			isa = PBXContainerItemProxy;
			containerPortal = E35501CC2027C622009B175D /* Project object */;
			proxyType = 1;
			remoteGlobalIDString = E35501D32027C622009B175D;
			remoteInfo = AregakTours;
		};
/* End PBXContainerItemProxy section */

/* Begin PBXCopyFilesBuildPhase section */
		E3DE3CAE217538F6007A0DCB /* Embed Frameworks */ = {
			isa = PBXCopyFilesBuildPhase;
			buildActionMask = 2147483647;
			dstPath = "";
			dstSubfolderSpec = 10;
			files = (
				E3DE3CAD217538F6007A0DCB /* RxSwift.framework in Embed Frameworks */,
				E3DE3CAB217538F6007A0DCB /* RxCocoa.framework in Embed Frameworks */,
			);
			name = "Embed Frameworks";
			runOnlyForDeploymentPostprocessing = 0;
		};
/* End PBXCopyFilesBuildPhase section */

/* Begin PBXFileReference section */
		7661CC2B217E88EA00D4CE67 /* BookViewModelTests.swift */ = {isa = PBXFileReference; lastKnownFileType = sourcecode.swift; path = BookViewModelTests.swift; sourceTree = "<group>"; };
		7661CC3221812EB100D4CE67 /* TourViewModel.swift */ = {isa = PBXFileReference; lastKnownFileType = sourcecode.swift; path = TourViewModel.swift; sourceTree = "<group>"; };
		7661CC342182A55E00D4CE67 /* PricesView.swift */ = {isa = PBXFileReference; lastKnownFileType = sourcecode.swift; path = PricesView.swift; sourceTree = "<group>"; };
		7661CC362182A57600D4CE67 /* PricesView.xib */ = {isa = PBXFileReference; lastKnownFileType = file.xib; path = PricesView.xib; sourceTree = "<group>"; };
		7661CC392182A59100D4CE67 /* PricesViewModel.swift */ = {isa = PBXFileReference; lastKnownFileType = sourcecode.swift; path = PricesViewModel.swift; sourceTree = "<group>"; };
		7661CC3D21850CE400D4CE67 /* PricesViewModelTests.swift */ = {isa = PBXFileReference; lastKnownFileType = sourcecode.swift; path = PricesViewModelTests.swift; sourceTree = "<group>"; };
		7661CC3F2185171B00D4CE67 /* TourCellViewModelTests.swift */ = {isa = PBXFileReference; lastKnownFileType = sourcecode.swift; path = TourCellViewModelTests.swift; sourceTree = "<group>"; };
		7661CC412185324200D4CE67 /* ToursPresenterTests.swift */ = {isa = PBXFileReference; lastKnownFileType = sourcecode.swift; path = ToursPresenterTests.swift; sourceTree = "<group>"; };
		7661CC432185453100D4CE67 /* UIButtonExtension.swift */ = {isa = PBXFileReference; lastKnownFileType = sourcecode.swift; path = UIButtonExtension.swift; sourceTree = "<group>"; };
		E3504509216D59AC00273E10 /* BookViewModel.swift */ = {isa = PBXFileReference; lastKnownFileType = sourcecode.swift; path = BookViewModel.swift; sourceTree = "<group>"; };
		E35193B020AFCEDB006E1BD7 /* BookView.swift */ = {isa = PBXFileReference; lastKnownFileType = sourcecode.swift; path = BookView.swift; sourceTree = "<group>"; };
		E35193B220AFCFC5006E1BD7 /* BookView.xib */ = {isa = PBXFileReference; lastKnownFileType = file.xib; path = BookView.xib; sourceTree = "<group>"; };
		E35501D42027C622009B175D /* AregakTours.app */ = {isa = PBXFileReference; explicitFileType = wrapper.application; includeInIndex = 0; path = AregakTours.app; sourceTree = BUILT_PRODUCTS_DIR; };
		E35501D72027C622009B175D /* AppDelegate.swift */ = {isa = PBXFileReference; lastKnownFileType = sourcecode.swift; path = AppDelegate.swift; sourceTree = "<group>"; };
		E35501D92027C622009B175D /* ToursViewController.swift */ = {isa = PBXFileReference; lastKnownFileType = sourcecode.swift; path = ToursViewController.swift; sourceTree = "<group>"; };
		E35501DC2027C622009B175D /* Base */ = {isa = PBXFileReference; lastKnownFileType = file.storyboard; name = Base; path = Base.lproj/Main.storyboard; sourceTree = "<group>"; };
		E35501DE2027C622009B175D /* Assets.xcassets */ = {isa = PBXFileReference; lastKnownFileType = folder.assetcatalog; path = Assets.xcassets; sourceTree = "<group>"; };
		E35501E12027C622009B175D /* Base */ = {isa = PBXFileReference; lastKnownFileType = file.storyboard; name = Base; path = Base.lproj/LaunchScreen.storyboard; sourceTree = "<group>"; };
		E35501E32027C622009B175D /* Info.plist */ = {isa = PBXFileReference; lastKnownFileType = text.plist.xml; path = Info.plist; sourceTree = "<group>"; };
		E35501E82027C622009B175D /* AregakToursTests.xctest */ = {isa = PBXFileReference; explicitFileType = wrapper.cfbundle; includeInIndex = 0; path = AregakToursTests.xctest; sourceTree = BUILT_PRODUCTS_DIR; };
		E35501EC2027C622009B175D /* AregakToursTests.swift */ = {isa = PBXFileReference; lastKnownFileType = sourcecode.swift; path = AregakToursTests.swift; sourceTree = "<group>"; };
		E35501EE2027C622009B175D /* Info.plist */ = {isa = PBXFileReference; lastKnownFileType = text.plist.xml; path = Info.plist; sourceTree = "<group>"; };
		E35501F32027C622009B175D /* AregakToursUITests.xctest */ = {isa = PBXFileReference; explicitFileType = wrapper.cfbundle; includeInIndex = 0; path = AregakToursUITests.xctest; sourceTree = BUILT_PRODUCTS_DIR; };
		E35501F72027C623009B175D /* AregakToursUITests.swift */ = {isa = PBXFileReference; lastKnownFileType = sourcecode.swift; path = AregakToursUITests.swift; sourceTree = "<group>"; };
		E35501F92027C623009B175D /* Info.plist */ = {isa = PBXFileReference; lastKnownFileType = text.plist.xml; path = Info.plist; sourceTree = "<group>"; };
		E398FDB0204B217200CB95D3 /* Tour.swift */ = {isa = PBXFileReference; fileEncoding = 4; lastKnownFileType = sourcecode.swift; path = Tour.swift; sourceTree = "<group>"; };
		E398FDB2204B219100CB95D3 /* NetworkRequest.swift */ = {isa = PBXFileReference; fileEncoding = 4; lastKnownFileType = sourcecode.swift; path = NetworkRequest.swift; sourceTree = "<group>"; };
		E398FDB3204B219100CB95D3 /* NetworkService.swift */ = {isa = PBXFileReference; fileEncoding = 4; lastKnownFileType = sourcecode.swift; path = NetworkService.swift; sourceTree = "<group>"; };
		E398FDB4204B219100CB95D3 /* NetworkAdaptors.swift */ = {isa = PBXFileReference; fileEncoding = 4; lastKnownFileType = sourcecode.swift; path = NetworkAdaptors.swift; sourceTree = "<group>"; };
		E398FDB5204B219100CB95D3 /* ToursInteractor.swift */ = {isa = PBXFileReference; fileEncoding = 4; lastKnownFileType = sourcecode.swift; path = ToursInteractor.swift; sourceTree = "<group>"; };
		E398FDBA204B2B0A00CB95D3 /* TourCell.swift */ = {isa = PBXFileReference; lastKnownFileType = sourcecode.swift; path = TourCell.swift; sourceTree = "<group>"; };
		E398FDBC204B2B1800CB95D3 /* TourCell.xib */ = {isa = PBXFileReference; lastKnownFileType = file.xib; path = TourCell.xib; sourceTree = "<group>"; };
		E3B0B98F20421DA500593790 /* ToursPresenter.swift */ = {isa = PBXFileReference; lastKnownFileType = sourcecode.swift; path = ToursPresenter.swift; sourceTree = "<group>"; };
		E3B0B991204229AC00593790 /* tours.json */ = {isa = PBXFileReference; fileEncoding = 4; lastKnownFileType = text.json; name = tours.json; path = AregakTours/tours.json; sourceTree = SOURCE_ROOT; };
		E3DE3CA121751C2D007A0DCB /* ArrayExtension.swift */ = {isa = PBXFileReference; lastKnownFileType = sourcecode.swift; path = ArrayExtension.swift; sourceTree = "<group>"; };
		E3DE3CA321751DA8007A0DCB /* ToursViewModel.swift */ = {isa = PBXFileReference; lastKnownFileType = sourcecode.swift; path = ToursViewModel.swift; sourceTree = "<group>"; };
		E3DE3CA6217535E0007A0DCB /* RxSwift.framework */ = {isa = PBXFileReference; lastKnownFileType = wrapper.framework; name = RxSwift.framework; path = Carthage/Build/iOS/RxSwift.framework; sourceTree = "<group>"; };
		E3DE3CA7217535E0007A0DCB /* RxCocoa.framework */ = {isa = PBXFileReference; lastKnownFileType = wrapper.framework; name = RxCocoa.framework; path = Carthage/Build/iOS/RxCocoa.framework; sourceTree = "<group>"; };
		E3E1A967208857DE004F477C /* TourCellViewModel.swift */ = {isa = PBXFileReference; lastKnownFileType = sourcecode.swift; path = TourCellViewModel.swift; sourceTree = "<group>"; };
		E3F67F342051E0D700A693E8 /* ViewFromNibExtension.swift */ = {isa = PBXFileReference; lastKnownFileType = sourcecode.swift; path = ViewFromNibExtension.swift; sourceTree = "<group>"; };
/* End PBXFileReference section */

/* Begin PBXFrameworksBuildPhase section */
		E35501D12027C622009B175D /* Frameworks */ = {
			isa = PBXFrameworksBuildPhase;
			buildActionMask = 2147483647;
			files = (
				E3DE3CAA217538F6007A0DCB /* RxCocoa.framework in Frameworks */,
				E3DE3CA8217535E0007A0DCB /* RxSwift.framework in Frameworks */,
			);
			runOnlyForDeploymentPostprocessing = 0;
		};
		E35501E52027C622009B175D /* Frameworks */ = {
			isa = PBXFrameworksBuildPhase;
			buildActionMask = 2147483647;
			files = (
				7661CC2D217E89EC00D4CE67 /* RxSwift.framework in Frameworks */,
			);
			runOnlyForDeploymentPostprocessing = 0;
		};
		E35501F02027C622009B175D /* Frameworks */ = {
			isa = PBXFrameworksBuildPhase;
			buildActionMask = 2147483647;
			files = (
			);
			runOnlyForDeploymentPostprocessing = 0;
		};
/* End PBXFrameworksBuildPhase section */

/* Begin PBXGroup section */
		7661CC382182A57D00D4CE67 /* PricesView */ = {
			isa = PBXGroup;
			children = (
				7661CC342182A55E00D4CE67 /* PricesView.swift */,
				7661CC362182A57600D4CE67 /* PricesView.xib */,
				7661CC392182A59100D4CE67 /* PricesViewModel.swift */,
				7661CC3D21850CE400D4CE67 /* PricesViewModelTests.swift */,
			);
			path = PricesView;
			sourceTree = "<group>";
		};
		E31456C520B8BBEB000298C2 /* BookView */ = {
			isa = PBXGroup;
			children = (
				E35193B020AFCEDB006E1BD7 /* BookView.swift */,
				E35193B220AFCFC5006E1BD7 /* BookView.xib */,
				E3504509216D59AC00273E10 /* BookViewModel.swift */,
				7661CC2B217E88EA00D4CE67 /* BookViewModelTests.swift */,
			);
			path = BookView;
			sourceTree = "<group>";
		};
		E31456C620B8BD3B000298C2 /* TourCell */ = {
			isa = PBXGroup;
			children = (
				E398FDBA204B2B0A00CB95D3 /* TourCell.swift */,
				E398FDBC204B2B1800CB95D3 /* TourCell.xib */,
				E3E1A967208857DE004F477C /* TourCellViewModel.swift */,
				7661CC3F2185171B00D4CE67 /* TourCellViewModelTests.swift */,
			);
			path = TourCell;
			sourceTree = "<group>";
		};
		E35501CB2027C622009B175D = {
			isa = PBXGroup;
			children = (
				E35501D62027C622009B175D /* AregakTours */,
				E35501EB2027C622009B175D /* AregakToursTests */,
				E35501F62027C622009B175D /* AregakToursUITests */,
				E35501D52027C622009B175D /* Products */,
				E3DE3CA5217535E0007A0DCB /* Frameworks */,
			);
			sourceTree = "<group>";
		};
		E35501D52027C622009B175D /* Products */ = {
			isa = PBXGroup;
			children = (
				E35501D42027C622009B175D /* AregakTours.app */,
				E35501E82027C622009B175D /* AregakToursTests.xctest */,
				E35501F32027C622009B175D /* AregakToursUITests.xctest */,
			);
			name = Products;
			sourceTree = "<group>";
		};
		E35501D62027C622009B175D /* AregakTours */ = {
			isa = PBXGroup;
			children = (
				7661CC382182A57D00D4CE67 /* PricesView */,
				E3E1A9652088574C004F477C /* Tours */,
				E31456C520B8BBEB000298C2 /* BookView */,
				E3F67F332051E0B100A693E8 /* Extensions */,
				E398FDAF204B213C00CB95D3 /* DataModel */,
				E398FDAE204B212800CB95D3 /* NetworkService */,
				E3DDAD912032778C00009689 /* Resources */,
			);
			path = AregakTours;
			sourceTree = "<group>";
		};
		E35501EB2027C622009B175D /* AregakToursTests */ = {
			isa = PBXGroup;
			children = (
				E35501EC2027C622009B175D /* AregakToursTests.swift */,
				E35501EE2027C622009B175D /* Info.plist */,
			);
			path = AregakToursTests;
			sourceTree = "<group>";
		};
		E35501F62027C622009B175D /* AregakToursUITests */ = {
			isa = PBXGroup;
			children = (
				E35501F72027C623009B175D /* AregakToursUITests.swift */,
				E35501F92027C623009B175D /* Info.plist */,
			);
			path = AregakToursUITests;
			sourceTree = "<group>";
		};
		E398FDAE204B212800CB95D3 /* NetworkService */ = {
			isa = PBXGroup;
			children = (
				E398FDB4204B219100CB95D3 /* NetworkAdaptors.swift */,
				E398FDB2204B219100CB95D3 /* NetworkRequest.swift */,
				E398FDB3204B219100CB95D3 /* NetworkService.swift */,
				E398FDB5204B219100CB95D3 /* ToursInteractor.swift */,
			);
			path = NetworkService;
			sourceTree = "<group>";
		};
		E398FDAF204B213C00CB95D3 /* DataModel */ = {
			isa = PBXGroup;
			children = (
				E398FDB0204B217200CB95D3 /* Tour.swift */,
				7661CC3221812EB100D4CE67 /* TourViewModel.swift */,
			);
			path = DataModel;
			sourceTree = "<group>";
		};
		E3DDAD912032778C00009689 /* Resources */ = {
			isa = PBXGroup;
			children = (
				E35501D72027C622009B175D /* AppDelegate.swift */,
				E3B0B991204229AC00593790 /* tours.json */,
				E35501DB2027C622009B175D /* Main.storyboard */,
				E35501DE2027C622009B175D /* Assets.xcassets */,
				E35501E02027C622009B175D /* LaunchScreen.storyboard */,
				E35501E32027C622009B175D /* Info.plist */,
			);
			path = Resources;
			sourceTree = "<group>";
		};
		E3DE3CA5217535E0007A0DCB /* Frameworks */ = {
			isa = PBXGroup;
			children = (
				E3DE3CA7217535E0007A0DCB /* RxCocoa.framework */,
				E3DE3CA6217535E0007A0DCB /* RxSwift.framework */,
			);
			name = Frameworks;
			sourceTree = "<group>";
		};
		E3E1A9652088574C004F477C /* Tours */ = {
			isa = PBXGroup;
			children = (
				E31456C620B8BD3B000298C2 /* TourCell */,
				E35501D92027C622009B175D /* ToursViewController.swift */,
				E3B0B98F20421DA500593790 /* ToursPresenter.swift */,
				E3DE3CA321751DA8007A0DCB /* ToursViewModel.swift */,
				7661CC412185324200D4CE67 /* ToursPresenterTests.swift */,
			);
			path = Tours;
			sourceTree = "<group>";
		};
		E3F67F332051E0B100A693E8 /* Extensions */ = {
			isa = PBXGroup;
			children = (
				E3F67F342051E0D700A693E8 /* ViewFromNibExtension.swift */,
				E3DE3CA121751C2D007A0DCB /* ArrayExtension.swift */,
				7661CC432185453100D4CE67 /* UIButtonExtension.swift */,
			);
			path = Extensions;
			sourceTree = "<group>";
		};
/* End PBXGroup section */

/* Begin PBXNativeTarget section */
		E35501D32027C622009B175D /* AregakTours */ = {
			isa = PBXNativeTarget;
			buildConfigurationList = E35501FC2027C623009B175D /* Build configuration list for PBXNativeTarget "AregakTours" */;
			buildPhases = (
				E35501D02027C622009B175D /* Sources */,
				E35501D12027C622009B175D /* Frameworks */,
				E35501D22027C622009B175D /* Resources */,
				E3DE3CAE217538F6007A0DCB /* Embed Frameworks */,
			);
			buildRules = (
			);
			dependencies = (
			);
			name = AregakTours;
			productName = AregakTours;
			productReference = E35501D42027C622009B175D /* AregakTours.app */;
			productType = "com.apple.product-type.application";
		};
		E35501E72027C622009B175D /* AregakToursTests */ = {
			isa = PBXNativeTarget;
			buildConfigurationList = E35501FF2027C623009B175D /* Build configuration list for PBXNativeTarget "AregakToursTests" */;
			buildPhases = (
				E35501E42027C622009B175D /* Sources */,
				E35501E52027C622009B175D /* Frameworks */,
				E35501E62027C622009B175D /* Resources */,
			);
			buildRules = (
			);
			dependencies = (
				E35501EA2027C622009B175D /* PBXTargetDependency */,
			);
			name = AregakToursTests;
			productName = AregakToursTests;
			productReference = E35501E82027C622009B175D /* AregakToursTests.xctest */;
			productType = "com.apple.product-type.bundle.unit-test";
		};
		E35501F22027C622009B175D /* AregakToursUITests */ = {
			isa = PBXNativeTarget;
			buildConfigurationList = E35502022027C623009B175D /* Build configuration list for PBXNativeTarget "AregakToursUITests" */;
			buildPhases = (
				E35501EF2027C622009B175D /* Sources */,
				E35501F02027C622009B175D /* Frameworks */,
				E35501F12027C622009B175D /* Resources */,
			);
			buildRules = (
			);
			dependencies = (
				E35501F52027C622009B175D /* PBXTargetDependency */,
			);
			name = AregakToursUITests;
			productName = AregakToursUITests;
			productReference = E35501F32027C622009B175D /* AregakToursUITests.xctest */;
			productType = "com.apple.product-type.bundle.ui-testing";
		};
/* End PBXNativeTarget section */

/* Begin PBXProject section */
		E35501CC2027C622009B175D /* Project object */ = {
			isa = PBXProject;
			attributes = {
				LastSwiftUpdateCheck = 0900;
				LastUpgradeCheck = 0900;
				ORGANIZATIONNAME = "Arevik Tunyan";
				TargetAttributes = {
					E35501D32027C622009B175D = {
						CreatedOnToolsVersion = 9.0;
						ProvisioningStyle = Automatic;
					};
					E35501E72027C622009B175D = {
						CreatedOnToolsVersion = 9.0;
						ProvisioningStyle = Automatic;
						TestTargetID = E35501D32027C622009B175D;
					};
					E35501F22027C622009B175D = {
						CreatedOnToolsVersion = 9.0;
						ProvisioningStyle = Automatic;
						TestTargetID = E35501D32027C622009B175D;
					};
				};
			};
			buildConfigurationList = E35501CF2027C622009B175D /* Build configuration list for PBXProject "AregakTours" */;
			compatibilityVersion = "Xcode 8.0";
			developmentRegion = en;
			hasScannedForEncodings = 0;
			knownRegions = (
				en,
				Base,
			);
			mainGroup = E35501CB2027C622009B175D;
			productRefGroup = E35501D52027C622009B175D /* Products */;
			projectDirPath = "";
			projectRoot = "";
			targets = (
				E35501D32027C622009B175D /* AregakTours */,
				E35501E72027C622009B175D /* AregakToursTests */,
				E35501F22027C622009B175D /* AregakToursUITests */,
			);
		};
/* End PBXProject section */

/* Begin PBXResourcesBuildPhase section */
		E35501D22027C622009B175D /* Resources */ = {
			isa = PBXResourcesBuildPhase;
			buildActionMask = 2147483647;
			files = (
				E35501E22027C622009B175D /* LaunchScreen.storyboard in Resources */,
				E35501DF2027C622009B175D /* Assets.xcassets in Resources */,
				E35501DD2027C622009B175D /* Main.storyboard in Resources */,
				E35193B320AFCFC5006E1BD7 /* BookView.xib in Resources */,
				E398FDBD204B2B1900CB95D3 /* TourCell.xib in Resources */,
				E3B0B992204229AC00593790 /* tours.json in Resources */,
				7661CC372182A57600D4CE67 /* PricesView.xib in Resources */,
			);
			runOnlyForDeploymentPostprocessing = 0;
		};
		E35501E62027C622009B175D /* Resources */ = {
			isa = PBXResourcesBuildPhase;
			buildActionMask = 2147483647;
			files = (
			);
			runOnlyForDeploymentPostprocessing = 0;
		};
		E35501F12027C622009B175D /* Resources */ = {
			isa = PBXResourcesBuildPhase;
			buildActionMask = 2147483647;
			files = (
			);
			runOnlyForDeploymentPostprocessing = 0;
		};
/* End PBXResourcesBuildPhase section */

/* Begin PBXSourcesBuildPhase section */
		E35501D02027C622009B175D /* Sources */ = {
			isa = PBXSourcesBuildPhase;
			buildActionMask = 2147483647;
			files = (
				E398FDB9204B219100CB95D3 /* ToursInteractor.swift in Sources */,
				E3DE3CA221751C2D007A0DCB /* ArrayExtension.swift in Sources */,
				7661CC442185453100D4CE67 /* UIButtonExtension.swift in Sources */,
				E398FDB8204B219100CB95D3 /* NetworkAdaptors.swift in Sources */,
				E35501DA2027C622009B175D /* ToursViewController.swift in Sources */,
				7661CC3321812EB100D4CE67 /* TourViewModel.swift in Sources */,
				E3DE3CA421751DA8007A0DCB /* ToursViewModel.swift in Sources */,
				7661CC3A2182A59100D4CE67 /* PricesViewModel.swift in Sources */,
				E398FDBB204B2B0A00CB95D3 /* TourCell.swift in Sources */,
				E3E1A968208857DE004F477C /* TourCellViewModel.swift in Sources */,
				E350450A216D59AC00273E10 /* BookViewModel.swift in Sources */,
				7661CC352182A55E00D4CE67 /* PricesView.swift in Sources */,
				E35501D82027C622009B175D /* AppDelegate.swift in Sources */,
				E3B0B99020421DA500593790 /* ToursPresenter.swift in Sources */,
				E398FDB1204B217300CB95D3 /* Tour.swift in Sources */,
				E35193B120AFCEDB006E1BD7 /* BookView.swift in Sources */,
				E3F67F352051E0D700A693E8 /* ViewFromNibExtension.swift in Sources */,
				E398FDB7204B219100CB95D3 /* NetworkService.swift in Sources */,
				E398FDB6204B219100CB95D3 /* NetworkRequest.swift in Sources */,
			);
			runOnlyForDeploymentPostprocessing = 0;
		};
		E35501E42027C622009B175D /* Sources */ = {
			isa = PBXSourcesBuildPhase;
			buildActionMask = 2147483647;
			files = (
				7661CC402185171B00D4CE67 /* TourCellViewModelTests.swift in Sources */,
				7661CC422185324200D4CE67 /* ToursPresenterTests.swift in Sources */,
				E35501ED2027C622009B175D /* AregakToursTests.swift in Sources */,
				7661CC3E21850CE400D4CE67 /* PricesViewModelTests.swift in Sources */,
				7661CC2C217E88EA00D4CE67 /* BookViewModelTests.swift in Sources */,
			);
			runOnlyForDeploymentPostprocessing = 0;
		};
		E35501EF2027C622009B175D /* Sources */ = {
			isa = PBXSourcesBuildPhase;
			buildActionMask = 2147483647;
			files = (
				E35501F82027C623009B175D /* AregakToursUITests.swift in Sources */,
			);
			runOnlyForDeploymentPostprocessing = 0;
		};
/* End PBXSourcesBuildPhase section */

/* Begin PBXTargetDependency section */
		E35501EA2027C622009B175D /* PBXTargetDependency */ = {
			isa = PBXTargetDependency;
			target = E35501D32027C622009B175D /* AregakTours */;
			targetProxy = E35501E92027C622009B175D /* PBXContainerItemProxy */;
		};
		E35501F52027C622009B175D /* PBXTargetDependency */ = {
			isa = PBXTargetDependency;
			target = E35501D32027C622009B175D /* AregakTours */;
			targetProxy = E35501F42027C622009B175D /* PBXContainerItemProxy */;
		};
/* End PBXTargetDependency section */

/* Begin PBXVariantGroup section */
		E35501DB2027C622009B175D /* Main.storyboard */ = {
			isa = PBXVariantGroup;
			children = (
				E35501DC2027C622009B175D /* Base */,
			);
			name = Main.storyboard;
			sourceTree = "<group>";
		};
		E35501E02027C622009B175D /* LaunchScreen.storyboard */ = {
			isa = PBXVariantGroup;
			children = (
				E35501E12027C622009B175D /* Base */,
			);
			name = LaunchScreen.storyboard;
			sourceTree = "<group>";
		};
/* End PBXVariantGroup section */

/* Begin XCBuildConfiguration section */
		E35501FA2027C623009B175D /* Debug */ = {
			isa = XCBuildConfiguration;
			buildSettings = {
				ALWAYS_SEARCH_USER_PATHS = NO;
				CLANG_ANALYZER_NONNULL = YES;
				CLANG_ANALYZER_NUMBER_OBJECT_CONVERSION = YES_AGGRESSIVE;
				CLANG_CXX_LANGUAGE_STANDARD = "gnu++14";
				CLANG_CXX_LIBRARY = "libc++";
				CLANG_ENABLE_MODULES = YES;
				CLANG_ENABLE_OBJC_ARC = YES;
				CLANG_WARN_BLOCK_CAPTURE_AUTORELEASING = YES;
				CLANG_WARN_BOOL_CONVERSION = YES;
				CLANG_WARN_COMMA = YES;
				CLANG_WARN_CONSTANT_CONVERSION = YES;
				CLANG_WARN_DIRECT_OBJC_ISA_USAGE = YES_ERROR;
				CLANG_WARN_DOCUMENTATION_COMMENTS = YES;
				CLANG_WARN_EMPTY_BODY = YES;
				CLANG_WARN_ENUM_CONVERSION = YES;
				CLANG_WARN_INFINITE_RECURSION = YES;
				CLANG_WARN_INT_CONVERSION = YES;
				CLANG_WARN_NON_LITERAL_NULL_CONVERSION = YES;
				CLANG_WARN_OBJC_LITERAL_CONVERSION = YES;
				CLANG_WARN_OBJC_ROOT_CLASS = YES_ERROR;
				CLANG_WARN_RANGE_LOOP_ANALYSIS = YES;
				CLANG_WARN_STRICT_PROTOTYPES = YES;
				CLANG_WARN_SUSPICIOUS_MOVE = YES;
				CLANG_WARN_UNGUARDED_AVAILABILITY = YES_AGGRESSIVE;
				CLANG_WARN_UNREACHABLE_CODE = YES;
				CLANG_WARN__DUPLICATE_METHOD_MATCH = YES;
				CODE_SIGN_IDENTITY = "iPhone Developer";
				COPY_PHASE_STRIP = NO;
				DEBUG_INFORMATION_FORMAT = dwarf;
				ENABLE_STRICT_OBJC_MSGSEND = YES;
				ENABLE_TESTABILITY = YES;
				GCC_C_LANGUAGE_STANDARD = gnu11;
				GCC_DYNAMIC_NO_PIC = NO;
				GCC_NO_COMMON_BLOCKS = YES;
				GCC_OPTIMIZATION_LEVEL = 0;
				GCC_PREPROCESSOR_DEFINITIONS = (
					"DEBUG=1",
					"$(inherited)",
				);
				GCC_WARN_64_TO_32_BIT_CONVERSION = YES;
				GCC_WARN_ABOUT_RETURN_TYPE = YES_ERROR;
				GCC_WARN_UNDECLARED_SELECTOR = YES;
				GCC_WARN_UNINITIALIZED_AUTOS = YES_AGGRESSIVE;
				GCC_WARN_UNUSED_FUNCTION = YES;
				GCC_WARN_UNUSED_VARIABLE = YES;
				IPHONEOS_DEPLOYMENT_TARGET = 11.0;
				MTL_ENABLE_DEBUG_INFO = YES;
				ONLY_ACTIVE_ARCH = YES;
				SDKROOT = iphoneos;
				SWIFT_ACTIVE_COMPILATION_CONDITIONS = DEBUG;
				SWIFT_OPTIMIZATION_LEVEL = "-Onone";
			};
			name = Debug;
		};
		E35501FB2027C623009B175D /* Release */ = {
			isa = XCBuildConfiguration;
			buildSettings = {
				ALWAYS_SEARCH_USER_PATHS = NO;
				CLANG_ANALYZER_NONNULL = YES;
				CLANG_ANALYZER_NUMBER_OBJECT_CONVERSION = YES_AGGRESSIVE;
				CLANG_CXX_LANGUAGE_STANDARD = "gnu++14";
				CLANG_CXX_LIBRARY = "libc++";
				CLANG_ENABLE_MODULES = YES;
				CLANG_ENABLE_OBJC_ARC = YES;
				CLANG_WARN_BLOCK_CAPTURE_AUTORELEASING = YES;
				CLANG_WARN_BOOL_CONVERSION = YES;
				CLANG_WARN_COMMA = YES;
				CLANG_WARN_CONSTANT_CONVERSION = YES;
				CLANG_WARN_DIRECT_OBJC_ISA_USAGE = YES_ERROR;
				CLANG_WARN_DOCUMENTATION_COMMENTS = YES;
				CLANG_WARN_EMPTY_BODY = YES;
				CLANG_WARN_ENUM_CONVERSION = YES;
				CLANG_WARN_INFINITE_RECURSION = YES;
				CLANG_WARN_INT_CONVERSION = YES;
				CLANG_WARN_NON_LITERAL_NULL_CONVERSION = YES;
				CLANG_WARN_OBJC_LITERAL_CONVERSION = YES;
				CLANG_WARN_OBJC_ROOT_CLASS = YES_ERROR;
				CLANG_WARN_RANGE_LOOP_ANALYSIS = YES;
				CLANG_WARN_STRICT_PROTOTYPES = YES;
				CLANG_WARN_SUSPICIOUS_MOVE = YES;
				CLANG_WARN_UNGUARDED_AVAILABILITY = YES_AGGRESSIVE;
				CLANG_WARN_UNREACHABLE_CODE = YES;
				CLANG_WARN__DUPLICATE_METHOD_MATCH = YES;
				CODE_SIGN_IDENTITY = "iPhone Developer";
				COPY_PHASE_STRIP = NO;
				DEBUG_INFORMATION_FORMAT = "dwarf-with-dsym";
				ENABLE_NS_ASSERTIONS = NO;
				ENABLE_STRICT_OBJC_MSGSEND = YES;
				GCC_C_LANGUAGE_STANDARD = gnu11;
				GCC_NO_COMMON_BLOCKS = YES;
				GCC_WARN_64_TO_32_BIT_CONVERSION = YES;
				GCC_WARN_ABOUT_RETURN_TYPE = YES_ERROR;
				GCC_WARN_UNDECLARED_SELECTOR = YES;
				GCC_WARN_UNINITIALIZED_AUTOS = YES_AGGRESSIVE;
				GCC_WARN_UNUSED_FUNCTION = YES;
				GCC_WARN_UNUSED_VARIABLE = YES;
				IPHONEOS_DEPLOYMENT_TARGET = 11.0;
				MTL_ENABLE_DEBUG_INFO = NO;
				SDKROOT = iphoneos;
				SWIFT_OPTIMIZATION_LEVEL = "-Owholemodule";
				VALIDATE_PRODUCT = YES;
			};
			name = Release;
		};
		E35501FD2027C623009B175D /* Debug */ = {
			isa = XCBuildConfiguration;
			buildSettings = {
				ASSETCATALOG_COMPILER_APPICON_NAME = AppIcon;
				CODE_SIGN_STYLE = Automatic;
				DEVELOPMENT_TEAM = 3VLPF9L2MN;
				FRAMEWORK_SEARCH_PATHS = (
					"$(inherited)",
					"$(PROJECT_DIR)/Carthage/Build/iOS",
				);
				INFOPLIST_FILE = AregakTours/Resources/Info.plist;
				LD_RUNPATH_SEARCH_PATHS = "$(inherited) @executable_path/Frameworks";
				PRODUCT_BUNDLE_IDENTIFIER = arevik.AregakTours;
				PRODUCT_NAME = "$(TARGET_NAME)";
				SWIFT_VERSION = 4.0;
				TARGETED_DEVICE_FAMILY = "1,2";
			};
			name = Debug;
		};
		E35501FE2027C623009B175D /* Release */ = {
			isa = XCBuildConfiguration;
			buildSettings = {
				ASSETCATALOG_COMPILER_APPICON_NAME = AppIcon;
				CODE_SIGN_STYLE = Automatic;
				DEVELOPMENT_TEAM = 3VLPF9L2MN;
				FRAMEWORK_SEARCH_PATHS = (
					"$(inherited)",
					"$(PROJECT_DIR)/Carthage/Build/iOS",
				);
				INFOPLIST_FILE = AregakTours/Resources/Info.plist;
				LD_RUNPATH_SEARCH_PATHS = "$(inherited) @executable_path/Frameworks";
				PRODUCT_BUNDLE_IDENTIFIER = arevik.AregakTours;
				PRODUCT_NAME = "$(TARGET_NAME)";
				SWIFT_VERSION = 4.0;
				TARGETED_DEVICE_FAMILY = "1,2";
			};
			name = Release;
		};
		E35502002027C623009B175D /* Debug */ = {
			isa = XCBuildConfiguration;
			buildSettings = {
				ALWAYS_EMBED_SWIFT_STANDARD_LIBRARIES = YES;
				BUNDLE_LOADER = "$(TEST_HOST)";
				CODE_SIGN_STYLE = Automatic;
				FRAMEWORK_SEARCH_PATHS = (
					"$(inherited)",
					"$(PROJECT_DIR)/Carthage/Build/iOS",
				);
				INFOPLIST_FILE = AregakToursTests/Info.plist;
				LD_RUNPATH_SEARCH_PATHS = "$(inherited) @executable_path/Frameworks @loader_path/Frameworks";
				PRODUCT_BUNDLE_IDENTIFIER = arevik.AregakToursTests;
				PRODUCT_NAME = "$(TARGET_NAME)";
				SWIFT_VERSION = 4.0;
				TARGETED_DEVICE_FAMILY = "1,2";
				TEST_HOST = "$(BUILT_PRODUCTS_DIR)/AregakTours.app/AregakTours";
			};
			name = Debug;
		};
		E35502012027C623009B175D /* Release */ = {
			isa = XCBuildConfiguration;
			buildSettings = {
				ALWAYS_EMBED_SWIFT_STANDARD_LIBRARIES = YES;
				BUNDLE_LOADER = "$(TEST_HOST)";
				CODE_SIGN_STYLE = Automatic;
				FRAMEWORK_SEARCH_PATHS = (
					"$(inherited)",
					"$(PROJECT_DIR)/Carthage/Build/iOS",
				);
				INFOPLIST_FILE = AregakToursTests/Info.plist;
				LD_RUNPATH_SEARCH_PATHS = "$(inherited) @executable_path/Frameworks @loader_path/Frameworks";
				PRODUCT_BUNDLE_IDENTIFIER = arevik.AregakToursTests;
				PRODUCT_NAME = "$(TARGET_NAME)";
				SWIFT_VERSION = 4.0;
				TARGETED_DEVICE_FAMILY = "1,2";
				TEST_HOST = "$(BUILT_PRODUCTS_DIR)/AregakTours.app/AregakTours";
			};
			name = Release;
		};
		E35502032027C623009B175D /* Debug */ = {
			isa = XCBuildConfiguration;
			buildSettings = {
				ALWAYS_EMBED_SWIFT_STANDARD_LIBRARIES = YES;
				CODE_SIGN_STYLE = Automatic;
				INFOPLIST_FILE = AregakToursUITests/Info.plist;
				LD_RUNPATH_SEARCH_PATHS = "$(inherited) @executable_path/Frameworks @loader_path/Frameworks";
				PRODUCT_BUNDLE_IDENTIFIER = arevik.AregakToursUITests;
				PRODUCT_NAME = "$(TARGET_NAME)";
				SWIFT_VERSION = 4.0;
				TARGETED_DEVICE_FAMILY = "1,2";
				TEST_TARGET_NAME = AregakTours;
			};
			name = Debug;
		};
		E35502042027C623009B175D /* Release */ = {
			isa = XCBuildConfiguration;
			buildSettings = {
				ALWAYS_EMBED_SWIFT_STANDARD_LIBRARIES = YES;
				CODE_SIGN_STYLE = Automatic;
				INFOPLIST_FILE = AregakToursUITests/Info.plist;
				LD_RUNPATH_SEARCH_PATHS = "$(inherited) @executable_path/Frameworks @loader_path/Frameworks";
				PRODUCT_BUNDLE_IDENTIFIER = arevik.AregakToursUITests;
				PRODUCT_NAME = "$(TARGET_NAME)";
				SWIFT_VERSION = 4.0;
				TARGETED_DEVICE_FAMILY = "1,2";
				TEST_TARGET_NAME = AregakTours;
			};
			name = Release;
		};
/* End XCBuildConfiguration section */

/* Begin XCConfigurationList section */
		E35501CF2027C622009B175D /* Build configuration list for PBXProject "AregakTours" */ = {
			isa = XCConfigurationList;
			buildConfigurations = (
				E35501FA2027C623009B175D /* Debug */,
				E35501FB2027C623009B175D /* Release */,
			);
			defaultConfigurationIsVisible = 0;
			defaultConfigurationName = Release;
		};
		E35501FC2027C623009B175D /* Build configuration list for PBXNativeTarget "AregakTours" */ = {
			isa = XCConfigurationList;
			buildConfigurations = (
				E35501FD2027C623009B175D /* Debug */,
				E35501FE2027C623009B175D /* Release */,
			);
			defaultConfigurationIsVisible = 0;
			defaultConfigurationName = Release;
		};
		E35501FF2027C623009B175D /* Build configuration list for PBXNativeTarget "AregakToursTests" */ = {
			isa = XCConfigurationList;
			buildConfigurations = (
				E35502002027C623009B175D /* Debug */,
				E35502012027C623009B175D /* Release */,
			);
			defaultConfigurationIsVisible = 0;
			defaultConfigurationName = Release;
		};
		E35502022027C623009B175D /* Build configuration list for PBXNativeTarget "AregakToursUITests" */ = {
			isa = XCConfigurationList;
			buildConfigurations = (
				E35502032027C623009B175D /* Debug */,
				E35502042027C623009B175D /* Release */,
			);
			defaultConfigurationIsVisible = 0;
			defaultConfigurationName = Release;
		};
/* End XCConfigurationList section */
	};
	rootObject = E35501CC2027C622009B175D /* Project object */;
}
